// !$*UTF8*$!
{
	archiveVersion = 1;
	classes = {
	};
	objectVersion = 46;
	objects = {

/* Begin PBXBuildFile section */
		7D063FDB1CD5AE510063539B /* pikminLand.wav in Resources */ = {isa = PBXBuildFile; fileRef = 7D063FD91CD5AE2B0063539B /* pikminLand.wav */; };
		7D063FDD1CD5B49F0063539B /* pikminLand.mp3 in Resources */ = {isa = PBXBuildFile; fileRef = 7D063FDC1CD5B49F0063539B /* pikminLand.mp3 */; };
		7D40F96B1CF30A9700BA588A /* AppDelegate.swift in Sources */ = {isa = PBXBuildFile; fileRef = 7D40F96A1CF30A9700BA588A /* AppDelegate.swift */; };
		7D40F96D1CF30A9700BA588A /* GameScene.sks in Resources */ = {isa = PBXBuildFile; fileRef = 7D40F96C1CF30A9700BA588A /* GameScene.sks */; };
		7D40F96F1CF30A9700BA588A /* GameScene.swift in Sources */ = {isa = PBXBuildFile; fileRef = 7D40F96E1CF30A9700BA588A /* GameScene.swift */; };
		7D40F9711CF30A9700BA588A /* GameViewController.swift in Sources */ = {isa = PBXBuildFile; fileRef = 7D40F9701CF30A9700BA588A /* GameViewController.swift */; };
		7D40F9761CF30A9700BA588A /* Main.storyboard in Resources */ = {isa = PBXBuildFile; fileRef = 7D40F9741CF30A9700BA588A /* Main.storyboard */; };
		7D40F9781CF30A9700BA588A /* Assets.xcassets in Resources */ = {isa = PBXBuildFile; fileRef = 7D40F9771CF30A9700BA588A /* Assets.xcassets */; };
		7D40F9CC1CF30C5300BA588A /* call.mp3 in Resources */ = {isa = PBXBuildFile; fileRef = 7D40F9B11CF30C5300BA588A /* call.mp3 */; };
		7D40F9CD1CF30C5300BA588A /* Flower.swift in Sources */ = {isa = PBXBuildFile; fileRef = 7D40F9B21CF30C5300BA588A /* Flower.swift */; };
		7D40F9CE1CF30C5300BA588A /* forestNaval.mp3 in Resources */ = {isa = PBXBuildFile; fileRef = 7D40F9B31CF30C5300BA588A /* forestNaval.mp3 */; };
		7D40F9CF1CF30C5300BA588A /* forestOfHope.mp3 in Resources */ = {isa = PBXBuildFile; fileRef = 7D40F9B41CF30C5300BA588A /* forestOfHope.mp3 */; };
		7D40F9D01CF30C5300BA588A /* Game.xcassets in Resources */ = {isa = PBXBuildFile; fileRef = 7D40F9B51CF30C5300BA588A /* Game.xcassets */; };
		7D40F9D11CF30C5300BA588A /* Ghost.swift in Sources */ = {isa = PBXBuildFile; fileRef = 7D40F9B61CF30C5300BA588A /* Ghost.swift */; };
		7D40F9D21CF30C5300BA588A /* Map_AwakeningWood.png in Resources */ = {isa = PBXBuildFile; fileRef = 7D40F9B71CF30C5300BA588A /* Map_AwakeningWood.png */; };
		7D40F9D31CF30C5300BA588A /* map1.png in Resources */ = {isa = PBXBuildFile; fileRef = 7D40F9B81CF30C5300BA588A /* map1.png */; };
		7D40F9D41CF30C5300BA588A /* MenuOverlay.swift in Sources */ = {isa = PBXBuildFile; fileRef = 7D40F9B91CF30C5300BA588A /* MenuOverlay.swift */; };
		7D40F9D51CF30C5300BA588A /* menuTheme.m4a in Resources */ = {isa = PBXBuildFile; fileRef = 7D40F9BA1CF30C5300BA588A /* menuTheme.m4a */; };
		7D40F9D61CF30C5300BA588A /* Monster.swift in Sources */ = {isa = PBXBuildFile; fileRef = 7D40F9BB1CF30C5300BA588A /* Monster.swift */; };
		7D40F9D71CF30C5300BA588A /* MPCHandler.swift in Sources */ = {isa = PBXBuildFile; fileRef = 7D40F9BC1CF30C5300BA588A /* MPCHandler.swift */; };
		7D40F9D81CF30C5300BA588A /* MultiGameScene.sks in Resources */ = {isa = PBXBuildFile; fileRef = 7D40F9BD1CF30C5300BA588A /* MultiGameScene.sks */; };
		7D40F9D91CF30C5300BA588A /* MultiGameScene.swift in Sources */ = {isa = PBXBuildFile; fileRef = 7D40F9BE1CF30C5300BA588A /* MultiGameScene.swift */; };
		7D40F9DA1CF30C5300BA588A /* Nutrient.swift in Sources */ = {isa = PBXBuildFile; fileRef = 7D40F9BF1CF30C5300BA588A /* Nutrient.swift */; };
		7D40F9DB1CF30C5300BA588A /* Onion.swift in Sources */ = {isa = PBXBuildFile; fileRef = 7D40F9C01CF30C5300BA588A /* Onion.swift */; };
		7D40F9DC1CF30C5300BA588A /* Pikmin.swift in Sources */ = {isa = PBXBuildFile; fileRef = 7D40F9C11CF30C5300BA588A /* Pikmin.swift */; };
		7D40F9DD1CF30C5300BA588A /* pikminGhost.mp3 in Resources */ = {isa = PBXBuildFile; fileRef = 7D40F9C21CF30C5300BA588A /* pikminGhost.mp3 */; };
		7D40F9DE1CF30C5300BA588A /* pikminLand.mp3 in Resources */ = {isa = PBXBuildFile; fileRef = 7D40F9C31CF30C5300BA588A /* pikminLand.mp3 */; };
		7D40F9DF1CF30C5300BA588A /* pikminPluck.mp3 in Resources */ = {isa = PBXBuildFile; fileRef = 7D40F9C41CF30C5300BA588A /* pikminPluck.mp3 */; };
		7D40F9E01CF30C5300BA588A /* pikminSqueel.mp3 in Resources */ = {isa = PBXBuildFile; fileRef = 7D40F9C51CF30C5300BA588A /* pikminSqueel.mp3 */; };
		7D40F9E11CF30C5300BA588A /* Player.swift in Sources */ = {isa = PBXBuildFile; fileRef = 7D40F9C61CF30C5300BA588A /* Player.swift */; };
		7D40F9E21CF30C5300BA588A /* Seed.swift in Sources */ = {isa = PBXBuildFile; fileRef = 7D40F9C71CF30C5300BA588A /* Seed.swift */; };
		7D40F9E31CF30C5300BA588A /* Ship.swift in Sources */ = {isa = PBXBuildFile; fileRef = 7D40F9C81CF30C5300BA588A /* Ship.swift */; };
		7D40F9E41CF30C5300BA588A /* space_new.png in Resources */ = {isa = PBXBuildFile; fileRef = 7D40F9C91CF30C5300BA588A /* space_new.png */; };
		7D40F9E51CF30C5300BA588A /* space.png in Resources */ = {isa = PBXBuildFile; fileRef = 7D40F9CA1CF30C5300BA588A /* space.png */; };
		7D40F9E61CF30C5300BA588A /* throw.mp3 in Resources */ = {isa = PBXBuildFile; fileRef = 7D40F9CB1CF30C5300BA588A /* throw.mp3 */; };
		7D488C401CC67EAF00A412D9 /* AppDelegate.swift in Sources */ = {isa = PBXBuildFile; fileRef = 7D488C3F1CC67EAF00A412D9 /* AppDelegate.swift */; };
		7D488C421CC67EAF00A412D9 /* GameScene.swift in Sources */ = {isa = PBXBuildFile; fileRef = 7D488C411CC67EAF00A412D9 /* GameScene.swift */; };
		7D488C441CC67EAF00A412D9 /* GameScene.sks in Resources */ = {isa = PBXBuildFile; fileRef = 7D488C431CC67EAF00A412D9 /* GameScene.sks */; };
		7D488C511CC6850600A412D9 /* Player.swift in Sources */ = {isa = PBXBuildFile; fileRef = 7D488C501CC6850600A412D9 /* Player.swift */; };
		7D488C551CC6B4FC00A412D9 /* Onion.swift in Sources */ = {isa = PBXBuildFile; fileRef = 7D488C541CC6B4FC00A412D9 /* Onion.swift */; };
		7D488C571CC6E33900A412D9 /* map1.png in Resources */ = {isa = PBXBuildFile; fileRef = 7D488C561CC6E33900A412D9 /* map1.png */; };
		7D488C591CC6E6DF00A412D9 /* Seed.swift in Sources */ = {isa = PBXBuildFile; fileRef = 7D488C581CC6E6DF00A412D9 /* Seed.swift */; };
		7D488C5B1CC6ED0400A412D9 /* Pikmin.swift in Sources */ = {isa = PBXBuildFile; fileRef = 7D488C5A1CC6ED0400A412D9 /* Pikmin.swift */; };
		7D51C6911CD568D6002FB2F8 /* AppDelegate.swift in Sources */ = {isa = PBXBuildFile; fileRef = 7D51C6901CD568D6002FB2F8 /* AppDelegate.swift */; };
		7D51C6931CD568D6002FB2F8 /* GameScene.sks in Resources */ = {isa = PBXBuildFile; fileRef = 7D51C6921CD568D6002FB2F8 /* GameScene.sks */; };
		7D51C6951CD568D6002FB2F8 /* GameScene.swift in Sources */ = {isa = PBXBuildFile; fileRef = 7D51C6941CD568D6002FB2F8 /* GameScene.swift */; };
		7D51C6971CD568D6002FB2F8 /* GameViewController.swift in Sources */ = {isa = PBXBuildFile; fileRef = 7D51C6961CD568D6002FB2F8 /* GameViewController.swift */; };
		7D51C69A1CD568D6002FB2F8 /* Main.storyboard in Resources */ = {isa = PBXBuildFile; fileRef = 7D51C6981CD568D6002FB2F8 /* Main.storyboard */; };
		7D51C69F1CD568D6002FB2F8 /* LaunchScreen.storyboard in Resources */ = {isa = PBXBuildFile; fileRef = 7D51C69D1CD568D6002FB2F8 /* LaunchScreen.storyboard */; };
		7D51C6BB1CD56995002FB2F8 /* Assets.xcassets in Resources */ = {isa = PBXBuildFile; fileRef = 7D51C6A51CD56995002FB2F8 /* Assets.xcassets */; };
		7D51C6BD1CD56995002FB2F8 /* call.mp3 in Resources */ = {isa = PBXBuildFile; fileRef = 7D51C6A71CD56995002FB2F8 /* call.mp3 */; };
		7D51C6BE1CD56995002FB2F8 /* Flower.swift in Sources */ = {isa = PBXBuildFile; fileRef = 7D51C6A81CD56995002FB2F8 /* Flower.swift */; };
		7D51C6BF1CD56995002FB2F8 /* forestOfHope.mp3 in Resources */ = {isa = PBXBuildFile; fileRef = 7D51C6A91CD56995002FB2F8 /* forestOfHope.mp3 */; };
		7D51C6C31CD56995002FB2F8 /* Ghost.swift in Sources */ = {isa = PBXBuildFile; fileRef = 7D51C6AD1CD56995002FB2F8 /* Ghost.swift */; };
		7D51C6C51CD56995002FB2F8 /* map1.png in Resources */ = {isa = PBXBuildFile; fileRef = 7D51C6AF1CD56995002FB2F8 /* map1.png */; };
		7D51C6C61CD56995002FB2F8 /* Monster.swift in Sources */ = {isa = PBXBuildFile; fileRef = 7D51C6B01CD56995002FB2F8 /* Monster.swift */; };
		7D51C6C71CD56995002FB2F8 /* Nutrient.swift in Sources */ = {isa = PBXBuildFile; fileRef = 7D51C6B11CD56995002FB2F8 /* Nutrient.swift */; };
		7D51C6C81CD56995002FB2F8 /* Onion.swift in Sources */ = {isa = PBXBuildFile; fileRef = 7D51C6B21CD56995002FB2F8 /* Onion.swift */; };
		7D51C6C91CD56995002FB2F8 /* Pikmin.swift in Sources */ = {isa = PBXBuildFile; fileRef = 7D51C6B31CD56995002FB2F8 /* Pikmin.swift */; };
		7D51C6CA1CD56995002FB2F8 /* pikminGhost.mp3 in Resources */ = {isa = PBXBuildFile; fileRef = 7D51C6B41CD56995002FB2F8 /* pikminGhost.mp3 */; };
		7D51C6CC1CD56995002FB2F8 /* pikminSqueel.mp3 in Resources */ = {isa = PBXBuildFile; fileRef = 7D51C6B61CD56995002FB2F8 /* pikminSqueel.mp3 */; };
		7D51C6CD1CD56995002FB2F8 /* Player.swift in Sources */ = {isa = PBXBuildFile; fileRef = 7D51C6B71CD56995002FB2F8 /* Player.swift */; };
		7D51C6CE1CD56995002FB2F8 /* Seed.swift in Sources */ = {isa = PBXBuildFile; fileRef = 7D51C6B81CD56995002FB2F8 /* Seed.swift */; };
		7D51C6CF1CD56995002FB2F8 /* throw.mp3 in Resources */ = {isa = PBXBuildFile; fileRef = 7D51C6B91CD56995002FB2F8 /* throw.mp3 */; };
		7D6F9C971E8F48F6008C5E93 /* Machine.swift in Sources */ = {isa = PBXBuildFile; fileRef = 7D6F9C961E8F48F6008C5E93 /* Machine.swift */; };
		7D6F9C981E8F5D63008C5E93 /* Machine.swift in Sources */ = {isa = PBXBuildFile; fileRef = 7D6F9C961E8F48F6008C5E93 /* Machine.swift */; };
		7D83117C1CDAF3220061D5E4 /* MenuOverlay.swift in Sources */ = {isa = PBXBuildFile; fileRef = 7D83117B1CDAF3220061D5E4 /* MenuOverlay.swift */; };
		7D9F109C1CDDB66900A98FD0 /* Map_AwakeningWood.png in Resources */ = {isa = PBXBuildFile; fileRef = 7D9F109A1CDDB66900A98FD0 /* Map_AwakeningWood.png */; };
		7D9F109D1CDDB66900A98FD0 /* space_new.png in Resources */ = {isa = PBXBuildFile; fileRef = 7D9F109B1CDDB66900A98FD0 /* space_new.png */; };
		7DA7353F1CD11C7000B5CE3F /* Monster.swift in Sources */ = {isa = PBXBuildFile; fileRef = 7DA7353E1CD11C7000B5CE3F /* Monster.swift */; };
		7DAF450F1CD35F1900178852 /* MainMenu.xib in Resources */ = {isa = PBXBuildFile; fileRef = 7DAF450C1CD35E3A00178852 /* MainMenu.xib */; };
		7DAF45151CD46EA100178852 /* forestOfHope.mp3 in Resources */ = {isa = PBXBuildFile; fileRef = 7DAF45141CD46EA100178852 /* forestOfHope.mp3 */; };
		7DBFEF601CD47CFE00841727 /* call.wav in Resources */ = {isa = PBXBuildFile; fileRef = 7DBFEF5E1CD47CFE00841727 /* call.wav */; };
		7DBFEF611CD47CFE00841727 /* throw.wav in Resources */ = {isa = PBXBuildFile; fileRef = 7DBFEF5F1CD47CFE00841727 /* throw.wav */; };
		7DBFEF631CD47F7600841727 /* pikminGhost.wav in Resources */ = {isa = PBXBuildFile; fileRef = 7DBFEF621CD47F7600841727 /* pikminGhost.wav */; };
		7DBFEF651CD47F8C00841727 /* pikminPluck.wav in Resources */ = {isa = PBXBuildFile; fileRef = 7DBFEF641CD47F8C00841727 /* pikminPluck.wav */; };
		7DBFEF671CD47F9C00841727 /* pikminSquel.wav in Resources */ = {isa = PBXBuildFile; fileRef = 7DBFEF661CD47F9C00841727 /* pikminSquel.wav */; };
		7DC598941CD0766A004ED675 /* Nutrient.swift in Sources */ = {isa = PBXBuildFile; fileRef = 7DC598931CD0766A004ED675 /* Nutrient.swift */; };
		7DC86A001CD143970086E146 /* Assets.xcassets in Resources */ = {isa = PBXBuildFile; fileRef = 7DC869FF1CD143970086E146 /* Assets.xcassets */; };
		7DCC0A3B1CCEDD250009197E /* Ghost.swift in Sources */ = {isa = PBXBuildFile; fileRef = 7DCC0A3A1CCEDD250009197E /* Ghost.swift */; };
		7DD29B131CCD7CDC0084D707 /* Flower.swift in Sources */ = {isa = PBXBuildFile; fileRef = 7DD29B121CCD7CDC0084D707 /* Flower.swift */; };
		7DD42B761CD5FCA300A5B704 /* pikminPluck.mp3 in Resources */ = {isa = PBXBuildFile; fileRef = 7DD42B751CD5FCA300A5B704 /* pikminPluck.mp3 */; };
		7DD42B781CD607E300A5B704 /* MultiGameScene.swift in Sources */ = {isa = PBXBuildFile; fileRef = 7DD42B771CD607E300A5B704 /* MultiGameScene.swift */; };
		7DD42B7A1CD6081400A5B704 /* MultiGameScene.sks in Resources */ = {isa = PBXBuildFile; fileRef = 7DD42B791CD6081400A5B704 /* MultiGameScene.sks */; };
		7DD42B7C1CD6087E00A5B704 /* MPCHandler.swift in Sources */ = {isa = PBXBuildFile; fileRef = 7DD42B7B1CD6087E00A5B704 /* MPCHandler.swift */; };
		7DD42B7E1CD60E3000A5B704 /* Ship.swift in Sources */ = {isa = PBXBuildFile; fileRef = 7DD42B7D1CD60E3000A5B704 /* Ship.swift */; };
		7DD42B801CD616E800A5B704 /* forestNaval.mp3 in Resources */ = {isa = PBXBuildFile; fileRef = 7DD42B7F1CD616E800A5B704 /* forestNaval.mp3 */; };
		7DD42B871CD6329400A5B704 /* MPCHandler.swift in Sources */ = {isa = PBXBuildFile; fileRef = 7DD42B851CD6329400A5B704 /* MPCHandler.swift */; };
		7DD42B881CD6329400A5B704 /* Ship.swift in Sources */ = {isa = PBXBuildFile; fileRef = 7DD42B861CD6329400A5B704 /* Ship.swift */; };
		7DD42B8B1CD632FD00A5B704 /* MultiGameScene.sks in Resources */ = {isa = PBXBuildFile; fileRef = 7DD42B891CD632FD00A5B704 /* MultiGameScene.sks */; };
		7DD42B8C1CD632FD00A5B704 /* MultiGameScene.swift in Sources */ = {isa = PBXBuildFile; fileRef = 7DD42B8A1CD632FD00A5B704 /* MultiGameScene.swift */; };
		7DD42B8E1CD6D55100A5B704 /* space.png in Resources */ = {isa = PBXBuildFile; fileRef = 7DD42B8D1CD6D55100A5B704 /* space.png */; };
		7DD42B901CD6D55A00A5B704 /* space.png in Resources */ = {isa = PBXBuildFile; fileRef = 7DD42B8F1CD6D55A00A5B704 /* space.png */; };
/* End PBXBuildFile section */

/* Begin PBXFileReference section */
		7D063FD91CD5AE2B0063539B /* pikminLand.wav */ = {isa = PBXFileReference; lastKnownFileType = audio.wav; path = pikminLand.wav; sourceTree = "<group>"; };
		7D063FDC1CD5B49F0063539B /* pikminLand.mp3 */ = {isa = PBXFileReference; lastKnownFileType = audio.mp3; path = pikminLand.mp3; sourceTree = "<group>"; };
		7D40F9681CF30A9700BA588A /* Pikmin Maker tvOS.app */ = {isa = PBXFileReference; explicitFileType = wrapper.application; includeInIndex = 0; path = "Pikmin Maker tvOS.app"; sourceTree = BUILT_PRODUCTS_DIR; };
		7D40F96A1CF30A9700BA588A /* AppDelegate.swift */ = {isa = PBXFileReference; lastKnownFileType = sourcecode.swift; path = AppDelegate.swift; sourceTree = "<group>"; };
		7D40F96C1CF30A9700BA588A /* GameScene.sks */ = {isa = PBXFileReference; lastKnownFileType = file.sks; path = GameScene.sks; sourceTree = "<group>"; };
		7D40F96E1CF30A9700BA588A /* GameScene.swift */ = {isa = PBXFileReference; lastKnownFileType = sourcecode.swift; path = GameScene.swift; sourceTree = "<group>"; };
		7D40F9701CF30A9700BA588A /* GameViewController.swift */ = {isa = PBXFileReference; lastKnownFileType = sourcecode.swift; path = GameViewController.swift; sourceTree = "<group>"; };
		7D40F9751CF30A9700BA588A /* Base */ = {isa = PBXFileReference; lastKnownFileType = file.storyboard; name = Base; path = Base.lproj/Main.storyboard; sourceTree = "<group>"; };
		7D40F9771CF30A9700BA588A /* Assets.xcassets */ = {isa = PBXFileReference; lastKnownFileType = folder.assetcatalog; path = Assets.xcassets; sourceTree = "<group>"; };
		7D40F9791CF30A9700BA588A /* Info.plist */ = {isa = PBXFileReference; lastKnownFileType = text.plist.xml; path = Info.plist; sourceTree = "<group>"; };
		7D40F9B11CF30C5300BA588A /* call.mp3 */ = {isa = PBXFileReference; lastKnownFileType = audio.mp3; path = call.mp3; sourceTree = "<group>"; };
		7D40F9B21CF30C5300BA588A /* Flower.swift */ = {isa = PBXFileReference; fileEncoding = 4; lastKnownFileType = sourcecode.swift; path = Flower.swift; sourceTree = "<group>"; };
		7D40F9B31CF30C5300BA588A /* forestNaval.mp3 */ = {isa = PBXFileReference; lastKnownFileType = audio.mp3; path = forestNaval.mp3; sourceTree = "<group>"; };
		7D40F9B41CF30C5300BA588A /* forestOfHope.mp3 */ = {isa = PBXFileReference; lastKnownFileType = audio.mp3; path = forestOfHope.mp3; sourceTree = "<group>"; };
		7D40F9B51CF30C5300BA588A /* Game.xcassets */ = {isa = PBXFileReference; lastKnownFileType = folder.assetcatalog; path = Game.xcassets; sourceTree = "<group>"; };
		7D40F9B61CF30C5300BA588A /* Ghost.swift */ = {isa = PBXFileReference; fileEncoding = 4; lastKnownFileType = sourcecode.swift; path = Ghost.swift; sourceTree = "<group>"; };
		7D40F9B71CF30C5300BA588A /* Map_AwakeningWood.png */ = {isa = PBXFileReference; lastKnownFileType = image.png; path = Map_AwakeningWood.png; sourceTree = "<group>"; };
		7D40F9B81CF30C5300BA588A /* map1.png */ = {isa = PBXFileReference; lastKnownFileType = image.png; path = map1.png; sourceTree = "<group>"; };
		7D40F9B91CF30C5300BA588A /* MenuOverlay.swift */ = {isa = PBXFileReference; fileEncoding = 4; lastKnownFileType = sourcecode.swift; path = MenuOverlay.swift; sourceTree = "<group>"; };
		7D40F9BA1CF30C5300BA588A /* menuTheme.m4a */ = {isa = PBXFileReference; lastKnownFileType = file; path = menuTheme.m4a; sourceTree = "<group>"; };
		7D40F9BB1CF30C5300BA588A /* Monster.swift */ = {isa = PBXFileReference; fileEncoding = 4; lastKnownFileType = sourcecode.swift; path = Monster.swift; sourceTree = "<group>"; };
		7D40F9BC1CF30C5300BA588A /* MPCHandler.swift */ = {isa = PBXFileReference; fileEncoding = 4; lastKnownFileType = sourcecode.swift; path = MPCHandler.swift; sourceTree = "<group>"; };
		7D40F9BD1CF30C5300BA588A /* MultiGameScene.sks */ = {isa = PBXFileReference; lastKnownFileType = file.sks; path = MultiGameScene.sks; sourceTree = "<group>"; };
		7D40F9BE1CF30C5300BA588A /* MultiGameScene.swift */ = {isa = PBXFileReference; fileEncoding = 4; lastKnownFileType = sourcecode.swift; path = MultiGameScene.swift; sourceTree = "<group>"; };
		7D40F9BF1CF30C5300BA588A /* Nutrient.swift */ = {isa = PBXFileReference; fileEncoding = 4; lastKnownFileType = sourcecode.swift; path = Nutrient.swift; sourceTree = "<group>"; };
		7D40F9C01CF30C5300BA588A /* Onion.swift */ = {isa = PBXFileReference; fileEncoding = 4; lastKnownFileType = sourcecode.swift; path = Onion.swift; sourceTree = "<group>"; };
		7D40F9C11CF30C5300BA588A /* Pikmin.swift */ = {isa = PBXFileReference; fileEncoding = 4; lastKnownFileType = sourcecode.swift; path = Pikmin.swift; sourceTree = "<group>"; };
		7D40F9C21CF30C5300BA588A /* pikminGhost.mp3 */ = {isa = PBXFileReference; lastKnownFileType = audio.mp3; path = pikminGhost.mp3; sourceTree = "<group>"; };
		7D40F9C31CF30C5300BA588A /* pikminLand.mp3 */ = {isa = PBXFileReference; lastKnownFileType = audio.mp3; path = pikminLand.mp3; sourceTree = "<group>"; };
		7D40F9C41CF30C5300BA588A /* pikminPluck.mp3 */ = {isa = PBXFileReference; lastKnownFileType = audio.mp3; path = pikminPluck.mp3; sourceTree = "<group>"; };
		7D40F9C51CF30C5300BA588A /* pikminSqueel.mp3 */ = {isa = PBXFileReference; lastKnownFileType = audio.mp3; path = pikminSqueel.mp3; sourceTree = "<group>"; };
		7D40F9C61CF30C5300BA588A /* Player.swift */ = {isa = PBXFileReference; fileEncoding = 4; lastKnownFileType = sourcecode.swift; path = Player.swift; sourceTree = "<group>"; };
		7D40F9C71CF30C5300BA588A /* Seed.swift */ = {isa = PBXFileReference; fileEncoding = 4; lastKnownFileType = sourcecode.swift; path = Seed.swift; sourceTree = "<group>"; };
		7D40F9C81CF30C5300BA588A /* Ship.swift */ = {isa = PBXFileReference; fileEncoding = 4; lastKnownFileType = sourcecode.swift; path = Ship.swift; sourceTree = "<group>"; };
		7D40F9C91CF30C5300BA588A /* space_new.png */ = {isa = PBXFileReference; lastKnownFileType = image.png; path = space_new.png; sourceTree = "<group>"; };
		7D40F9CA1CF30C5300BA588A /* space.png */ = {isa = PBXFileReference; lastKnownFileType = image.png; path = space.png; sourceTree = "<group>"; };
		7D40F9CB1CF30C5300BA588A /* throw.mp3 */ = {isa = PBXFileReference; lastKnownFileType = audio.mp3; path = throw.mp3; sourceTree = "<group>"; };
		7D488C3C1CC67EAF00A412D9 /* Pikmin Maker.app */ = {isa = PBXFileReference; explicitFileType = wrapper.application; includeInIndex = 0; path = "Pikmin Maker.app"; sourceTree = BUILT_PRODUCTS_DIR; };
		7D488C3F1CC67EAF00A412D9 /* AppDelegate.swift */ = {isa = PBXFileReference; lastKnownFileType = sourcecode.swift; path = AppDelegate.swift; sourceTree = "<group>"; };
		7D488C411CC67EAF00A412D9 /* GameScene.swift */ = {isa = PBXFileReference; lastKnownFileType = sourcecode.swift; path = GameScene.swift; sourceTree = "<group>"; };
		7D488C431CC67EAF00A412D9 /* GameScene.sks */ = {isa = PBXFileReference; lastKnownFileType = file.sks; name = GameScene.sks; path = ../GameScene.sks; sourceTree = "<group>"; };
		7D488C4A1CC67EAF00A412D9 /* Info.plist */ = {isa = PBXFileReference; lastKnownFileType = text.plist.xml; name = Info.plist; path = ../Info.plist; sourceTree = "<group>"; };
		7D488C501CC6850600A412D9 /* Player.swift */ = {isa = PBXFileReference; fileEncoding = 4; lastKnownFileType = sourcecode.swift; path = Player.swift; sourceTree = "<group>"; };
		7D488C541CC6B4FC00A412D9 /* Onion.swift */ = {isa = PBXFileReference; fileEncoding = 4; lastKnownFileType = sourcecode.swift; path = Onion.swift; sourceTree = "<group>"; };
		7D488C561CC6E33900A412D9 /* map1.png */ = {isa = PBXFileReference; lastKnownFileType = image.png; name = map1.png; path = ../map1.png; sourceTree = "<group>"; };
		7D488C581CC6E6DF00A412D9 /* Seed.swift */ = {isa = PBXFileReference; fileEncoding = 4; lastKnownFileType = sourcecode.swift; path = Seed.swift; sourceTree = "<group>"; };
		7D488C5A1CC6ED0400A412D9 /* Pikmin.swift */ = {isa = PBXFileReference; fileEncoding = 4; lastKnownFileType = sourcecode.swift; path = Pikmin.swift; sourceTree = "<group>"; };
		7D51C68E1CD568D6002FB2F8 /* Pikmin Maker iOS.app */ = {isa = PBXFileReference; explicitFileType = wrapper.application; includeInIndex = 0; path = "Pikmin Maker iOS.app"; sourceTree = BUILT_PRODUCTS_DIR; };
		7D51C6901CD568D6002FB2F8 /* AppDelegate.swift */ = {isa = PBXFileReference; lastKnownFileType = sourcecode.swift; path = AppDelegate.swift; sourceTree = "<group>"; };
		7D51C6921CD568D6002FB2F8 /* GameScene.sks */ = {isa = PBXFileReference; lastKnownFileType = file.sks; path = GameScene.sks; sourceTree = "<group>"; };
		7D51C6941CD568D6002FB2F8 /* GameScene.swift */ = {isa = PBXFileReference; lastKnownFileType = sourcecode.swift; path = GameScene.swift; sourceTree = "<group>"; };
		7D51C6961CD568D6002FB2F8 /* GameViewController.swift */ = {isa = PBXFileReference; lastKnownFileType = sourcecode.swift; path = GameViewController.swift; sourceTree = "<group>"; };
		7D51C6991CD568D6002FB2F8 /* Base */ = {isa = PBXFileReference; lastKnownFileType = file.storyboard; name = Base; path = Base.lproj/Main.storyboard; sourceTree = "<group>"; };
		7D51C69E1CD568D6002FB2F8 /* Base */ = {isa = PBXFileReference; lastKnownFileType = file.storyboard; name = Base; path = Base.lproj/LaunchScreen.storyboard; sourceTree = "<group>"; };
		7D51C6A01CD568D6002FB2F8 /* Info.plist */ = {isa = PBXFileReference; lastKnownFileType = text.plist.xml; path = Info.plist; sourceTree = "<group>"; };
		7D51C6A51CD56995002FB2F8 /* Assets.xcassets */ = {isa = PBXFileReference; lastKnownFileType = folder.assetcatalog; path = Assets.xcassets; sourceTree = "<group>"; };
		7D51C6A71CD56995002FB2F8 /* call.mp3 */ = {isa = PBXFileReference; lastKnownFileType = audio.mp3; path = call.mp3; sourceTree = "<group>"; };
		7D51C6A81CD56995002FB2F8 /* Flower.swift */ = {isa = PBXFileReference; fileEncoding = 4; lastKnownFileType = sourcecode.swift; path = Flower.swift; sourceTree = "<group>"; };
		7D51C6A91CD56995002FB2F8 /* forestOfHope.mp3 */ = {isa = PBXFileReference; lastKnownFileType = audio.mp3; path = forestOfHope.mp3; sourceTree = "<group>"; };
		7D51C6AD1CD56995002FB2F8 /* Ghost.swift */ = {isa = PBXFileReference; fileEncoding = 4; lastKnownFileType = sourcecode.swift; path = Ghost.swift; sourceTree = "<group>"; };
		7D51C6AF1CD56995002FB2F8 /* map1.png */ = {isa = PBXFileReference; lastKnownFileType = image.png; path = map1.png; sourceTree = "<group>"; };
		7D51C6B01CD56995002FB2F8 /* Monster.swift */ = {isa = PBXFileReference; fileEncoding = 4; lastKnownFileType = sourcecode.swift; path = Monster.swift; sourceTree = "<group>"; };
		7D51C6B11CD56995002FB2F8 /* Nutrient.swift */ = {isa = PBXFileReference; fileEncoding = 4; lastKnownFileType = sourcecode.swift; path = Nutrient.swift; sourceTree = "<group>"; };
		7D51C6B21CD56995002FB2F8 /* Onion.swift */ = {isa = PBXFileReference; fileEncoding = 4; lastKnownFileType = sourcecode.swift; path = Onion.swift; sourceTree = "<group>"; };
		7D51C6B31CD56995002FB2F8 /* Pikmin.swift */ = {isa = PBXFileReference; fileEncoding = 4; lastKnownFileType = sourcecode.swift; path = Pikmin.swift; sourceTree = "<group>"; };
		7D51C6B41CD56995002FB2F8 /* pikminGhost.mp3 */ = {isa = PBXFileReference; lastKnownFileType = audio.mp3; path = pikminGhost.mp3; sourceTree = "<group>"; };
		7D51C6B61CD56995002FB2F8 /* pikminSqueel.mp3 */ = {isa = PBXFileReference; lastKnownFileType = audio.mp3; path = pikminSqueel.mp3; sourceTree = "<group>"; };
		7D51C6B71CD56995002FB2F8 /* Player.swift */ = {isa = PBXFileReference; fileEncoding = 4; lastKnownFileType = sourcecode.swift; path = Player.swift; sourceTree = "<group>"; };
		7D51C6B81CD56995002FB2F8 /* Seed.swift */ = {isa = PBXFileReference; fileEncoding = 4; lastKnownFileType = sourcecode.swift; path = Seed.swift; sourceTree = "<group>"; };
		7D51C6B91CD56995002FB2F8 /* throw.mp3 */ = {isa = PBXFileReference; lastKnownFileType = audio.mp3; path = throw.mp3; sourceTree = "<group>"; };
		7D6F9C961E8F48F6008C5E93 /* Machine.swift */ = {isa = PBXFileReference; fileEncoding = 4; lastKnownFileType = sourcecode.swift; path = Machine.swift; sourceTree = "<group>"; };
		7D83117B1CDAF3220061D5E4 /* MenuOverlay.swift */ = {isa = PBXFileReference; fileEncoding = 4; lastKnownFileType = sourcecode.swift; path = MenuOverlay.swift; sourceTree = "<group>"; };
		7D9F109A1CDDB66900A98FD0 /* Map_AwakeningWood.png */ = {isa = PBXFileReference; lastKnownFileType = image.png; path = Map_AwakeningWood.png; sourceTree = "<group>"; };
		7D9F109B1CDDB66900A98FD0 /* space_new.png */ = {isa = PBXFileReference; lastKnownFileType = image.png; path = space_new.png; sourceTree = "<group>"; };
		7D9F109E1CDDB67100A98FD0 /* menuTheme.m4a */ = {isa = PBXFileReference; lastKnownFileType = file; path = menuTheme.m4a; sourceTree = "<group>"; };
		7DA7353E1CD11C7000B5CE3F /* Monster.swift */ = {isa = PBXFileReference; fileEncoding = 4; lastKnownFileType = sourcecode.swift; path = Monster.swift; sourceTree = "<group>"; };
		7DAF450D1CD35E3A00178852 /* Base */ = {isa = PBXFileReference; lastKnownFileType = file.xib; name = Base; path = Base.lproj/MainMenu.xib; sourceTree = SOURCE_ROOT; };
		7DAF45141CD46EA100178852 /* forestOfHope.mp3 */ = {isa = PBXFileReference; lastKnownFileType = audio.mp3; path = forestOfHope.mp3; sourceTree = "<group>"; };
		7DBFEF5E1CD47CFE00841727 /* call.wav */ = {isa = PBXFileReference; lastKnownFileType = audio.wav; path = call.wav; sourceTree = "<group>"; };
		7DBFEF5F1CD47CFE00841727 /* throw.wav */ = {isa = PBXFileReference; lastKnownFileType = audio.wav; path = throw.wav; sourceTree = "<group>"; };
		7DBFEF621CD47F7600841727 /* pikminGhost.wav */ = {isa = PBXFileReference; lastKnownFileType = audio.wav; path = pikminGhost.wav; sourceTree = "<group>"; };
		7DBFEF641CD47F8C00841727 /* pikminPluck.wav */ = {isa = PBXFileReference; lastKnownFileType = audio.wav; path = pikminPluck.wav; sourceTree = "<group>"; };
		7DBFEF661CD47F9C00841727 /* pikminSquel.wav */ = {isa = PBXFileReference; lastKnownFileType = audio.wav; path = pikminSquel.wav; sourceTree = "<group>"; };
		7DC598931CD0766A004ED675 /* Nutrient.swift */ = {isa = PBXFileReference; fileEncoding = 4; lastKnownFileType = sourcecode.swift; path = Nutrient.swift; sourceTree = "<group>"; };
		7DC869FF1CD143970086E146 /* Assets.xcassets */ = {isa = PBXFileReference; lastKnownFileType = folder.assetcatalog; path = Assets.xcassets; sourceTree = SOURCE_ROOT; };
		7DCC0A3A1CCEDD250009197E /* Ghost.swift */ = {isa = PBXFileReference; fileEncoding = 4; lastKnownFileType = sourcecode.swift; path = Ghost.swift; sourceTree = "<group>"; };
		7DD29B121CCD7CDC0084D707 /* Flower.swift */ = {isa = PBXFileReference; fileEncoding = 4; lastKnownFileType = sourcecode.swift; path = Flower.swift; sourceTree = "<group>"; };
		7DD42B751CD5FCA300A5B704 /* pikminPluck.mp3 */ = {isa = PBXFileReference; lastKnownFileType = audio.mp3; path = pikminPluck.mp3; sourceTree = "<group>"; };
		7DD42B771CD607E300A5B704 /* MultiGameScene.swift */ = {isa = PBXFileReference; fileEncoding = 4; lastKnownFileType = sourcecode.swift; path = MultiGameScene.swift; sourceTree = "<group>"; };
		7DD42B791CD6081400A5B704 /* MultiGameScene.sks */ = {isa = PBXFileReference; lastKnownFileType = file.sks; path = MultiGameScene.sks; sourceTree = "<group>"; };
		7DD42B7B1CD6087E00A5B704 /* MPCHandler.swift */ = {isa = PBXFileReference; fileEncoding = 4; lastKnownFileType = sourcecode.swift; path = MPCHandler.swift; sourceTree = "<group>"; };
		7DD42B7D1CD60E3000A5B704 /* Ship.swift */ = {isa = PBXFileReference; fileEncoding = 4; lastKnownFileType = sourcecode.swift; name = Ship.swift; path = "Pikmin Maker iOS/Ship.swift"; sourceTree = SOURCE_ROOT; };
		7DD42B7F1CD616E800A5B704 /* forestNaval.mp3 */ = {isa = PBXFileReference; lastKnownFileType = audio.mp3; path = forestNaval.mp3; sourceTree = "<group>"; };
		7DD42B851CD6329400A5B704 /* MPCHandler.swift */ = {isa = PBXFileReference; fileEncoding = 4; lastKnownFileType = sourcecode.swift; path = MPCHandler.swift; sourceTree = "<group>"; };
		7DD42B861CD6329400A5B704 /* Ship.swift */ = {isa = PBXFileReference; fileEncoding = 4; lastKnownFileType = sourcecode.swift; path = Ship.swift; sourceTree = "<group>"; };
		7DD42B891CD632FD00A5B704 /* MultiGameScene.sks */ = {isa = PBXFileReference; lastKnownFileType = file.sks; path = MultiGameScene.sks; sourceTree = "<group>"; };
		7DD42B8A1CD632FD00A5B704 /* MultiGameScene.swift */ = {isa = PBXFileReference; fileEncoding = 4; lastKnownFileType = sourcecode.swift; path = MultiGameScene.swift; sourceTree = "<group>"; };
		7DD42B8D1CD6D55100A5B704 /* space.png */ = {isa = PBXFileReference; lastKnownFileType = image.png; path = space.png; sourceTree = "<group>"; };
		7DD42B8F1CD6D55A00A5B704 /* space.png */ = {isa = PBXFileReference; lastKnownFileType = image.png; path = space.png; sourceTree = "<group>"; };
/* End PBXFileReference section */

/* Begin PBXFrameworksBuildPhase section */
		7D40F9651CF30A9700BA588A /* Frameworks */ = {
			isa = PBXFrameworksBuildPhase;
			buildActionMask = 2147483647;
			files = (
			);
			runOnlyForDeploymentPostprocessing = 0;
		};
		7D488C391CC67EAF00A412D9 /* Frameworks */ = {
			isa = PBXFrameworksBuildPhase;
			buildActionMask = 2147483647;
			files = (
			);
			runOnlyForDeploymentPostprocessing = 0;
		};
		7D51C68B1CD568D6002FB2F8 /* Frameworks */ = {
			isa = PBXFrameworksBuildPhase;
			buildActionMask = 2147483647;
			files = (
			);
			runOnlyForDeploymentPostprocessing = 0;
		};
/* End PBXFrameworksBuildPhase section */

/* Begin PBXGroup section */
		7D40F9691CF30A9700BA588A /* Pikmin Maker tvOS */ = {
			isa = PBXGroup;
			children = (
				7D40F96A1CF30A9700BA588A /* AppDelegate.swift */,
				7D40F96C1CF30A9700BA588A /* GameScene.sks */,
				7D40F96E1CF30A9700BA588A /* GameScene.swift */,
				7D40F9701CF30A9700BA588A /* GameViewController.swift */,
				7D40F9B21CF30C5300BA588A /* Flower.swift */,
				7D40F9B61CF30C5300BA588A /* Ghost.swift */,
				7D40F9B91CF30C5300BA588A /* MenuOverlay.swift */,
				7D40F9BB1CF30C5300BA588A /* Monster.swift */,
				7D40F9BC1CF30C5300BA588A /* MPCHandler.swift */,
				7D40F9BD1CF30C5300BA588A /* MultiGameScene.sks */,
				7D40F9BE1CF30C5300BA588A /* MultiGameScene.swift */,
				7D40F9BF1CF30C5300BA588A /* Nutrient.swift */,
				7D40F9C01CF30C5300BA588A /* Onion.swift */,
				7D40F9C11CF30C5300BA588A /* Pikmin.swift */,
				7D40F9C61CF30C5300BA588A /* Player.swift */,
				7D40F9C71CF30C5300BA588A /* Seed.swift */,
				7D40F9C81CF30C5300BA588A /* Ship.swift */,
				7D40F9B81CF30C5300BA588A /* map1.png */,
				7D40F9B71CF30C5300BA588A /* Map_AwakeningWood.png */,
				7D40F9C91CF30C5300BA588A /* space_new.png */,
				7D40F9CA1CF30C5300BA588A /* space.png */,
				7D40F9B51CF30C5300BA588A /* Game.xcassets */,
				7D40F9741CF30A9700BA588A /* Main.storyboard */,
				7D40F9771CF30A9700BA588A /* Assets.xcassets */,
				7D40F9E71CF30C6000BA588A /* Sounds */,
				7D40F9791CF30A9700BA588A /* Info.plist */,
			);
			path = "Pikmin Maker tvOS";
			sourceTree = "<group>";
		};
		7D40F9E71CF30C6000BA588A /* Sounds */ = {
			isa = PBXGroup;
			children = (
				7D40F9CB1CF30C5300BA588A /* throw.mp3 */,
				7D40F9B11CF30C5300BA588A /* call.mp3 */,
				7D40F9B31CF30C5300BA588A /* forestNaval.mp3 */,
				7D40F9B41CF30C5300BA588A /* forestOfHope.mp3 */,
				7D40F9BA1CF30C5300BA588A /* menuTheme.m4a */,
				7D40F9C21CF30C5300BA588A /* pikminGhost.mp3 */,
				7D40F9C31CF30C5300BA588A /* pikminLand.mp3 */,
				7D40F9C41CF30C5300BA588A /* pikminPluck.mp3 */,
				7D40F9C51CF30C5300BA588A /* pikminSqueel.mp3 */,
			);
			name = Sounds;
			sourceTree = "<group>";
		};
		7D488C331CC67EAF00A412D9 = {
			isa = PBXGroup;
			children = (
				7D488C3E1CC67EAF00A412D9 /* Pikmin */,
				7D51C68F1CD568D6002FB2F8 /* Pikmin iOS */,
				7D40F9691CF30A9700BA588A /* Pikmin Maker tvOS */,
				7D488C3D1CC67EAF00A412D9 /* Products */,
			);
			sourceTree = "<group>";
		};
		7D488C3D1CC67EAF00A412D9 /* Products */ = {
			isa = PBXGroup;
			children = (
				7D488C3C1CC67EAF00A412D9 /* Pikmin Maker.app */,
				7D51C68E1CD568D6002FB2F8 /* Pikmin Maker iOS.app */,
				7D40F9681CF30A9700BA588A /* Pikmin Maker tvOS.app */,
			);
			name = Products;
			sourceTree = "<group>";
		};
		7D488C3E1CC67EAF00A412D9 /* Pikmin */ = {
			isa = PBXGroup;
			children = (
				7D488C3F1CC67EAF00A412D9 /* AppDelegate.swift */,
				7D488C411CC67EAF00A412D9 /* GameScene.swift */,
				7D488C431CC67EAF00A412D9 /* GameScene.sks */,
				7DD42B8A1CD632FD00A5B704 /* MultiGameScene.swift */,
				7DD42B891CD632FD00A5B704 /* MultiGameScene.sks */,
				7D488C501CC6850600A412D9 /* Player.swift */,
				7D488C541CC6B4FC00A412D9 /* Onion.swift */,
				7D488C581CC6E6DF00A412D9 /* Seed.swift */,
				7D488C5A1CC6ED0400A412D9 /* Pikmin.swift */,
				7DD29B121CCD7CDC0084D707 /* Flower.swift */,
				7DC598931CD0766A004ED675 /* Nutrient.swift */,
				7DCC0A3A1CCEDD250009197E /* Ghost.swift */,
				7DA7353E1CD11C7000B5CE3F /* Monster.swift */,
				7DD42B851CD6329400A5B704 /* MPCHandler.swift */,
				7DD42B861CD6329400A5B704 /* Ship.swift */,
				7DC869FF1CD143970086E146 /* Assets.xcassets */,
				7D488C561CC6E33900A412D9 /* map1.png */,
				7DD42B8F1CD6D55A00A5B704 /* space.png */,
				7D51C6D01CD569E3002FB2F8 /* Sounds */,
				7DAF450C1CD35E3A00178852 /* MainMenu.xib */,
				7D488C4A1CC67EAF00A412D9 /* Info.plist */,
			);
			name = Pikmin;
			path = "Pikmin Maker";
			sourceTree = "<group>";
		};
		7D51C68F1CD568D6002FB2F8 /* Pikmin iOS */ = {
			isa = PBXGroup;
			children = (
				7D51C6901CD568D6002FB2F8 /* AppDelegate.swift */,
				7D51C6961CD568D6002FB2F8 /* GameViewController.swift */,
				7D51C6941CD568D6002FB2F8 /* GameScene.swift */,
				7D51C6921CD568D6002FB2F8 /* GameScene.sks */,
				7DD42B771CD607E300A5B704 /* MultiGameScene.swift */,
				7DD42B791CD6081400A5B704 /* MultiGameScene.sks */,
				7D51C6981CD568D6002FB2F8 /* Main.storyboard */,
				7D51C6A51CD56995002FB2F8 /* Assets.xcassets */,
				7D51C6AF1CD56995002FB2F8 /* map1.png */,
				7DD42B8D1CD6D55100A5B704 /* space.png */,
				7D9F109A1CDDB66900A98FD0 /* Map_AwakeningWood.png */,
				7D9F109B1CDDB66900A98FD0 /* space_new.png */,
				7D51C6D11CD569EF002FB2F8 /* Sounds */,
				7D51C6A81CD56995002FB2F8 /* Flower.swift */,
				7D51C6AD1CD56995002FB2F8 /* Ghost.swift */,
				7D6F9C961E8F48F6008C5E93 /* Machine.swift */,
				7D51C6B01CD56995002FB2F8 /* Monster.swift */,
				7D51C6B11CD56995002FB2F8 /* Nutrient.swift */,
				7D51C6B21CD56995002FB2F8 /* Onion.swift */,
				7D83117B1CDAF3220061D5E4 /* MenuOverlay.swift */,
				7D51C6B31CD56995002FB2F8 /* Pikmin.swift */,
				7D51C6B71CD56995002FB2F8 /* Player.swift */,
				7D51C6B81CD56995002FB2F8 /* Seed.swift */,
				7DD42B7D1CD60E3000A5B704 /* Ship.swift */,
				7DD42B7B1CD6087E00A5B704 /* MPCHandler.swift */,
				7D51C69D1CD568D6002FB2F8 /* LaunchScreen.storyboard */,
				7D51C6A01CD568D6002FB2F8 /* Info.plist */,
			);
			name = "Pikmin iOS";
			path = "Pikmin Maker iOS";
			sourceTree = "<group>";
		};
		7D51C6D01CD569E3002FB2F8 /* Sounds */ = {
			isa = PBXGroup;
			children = (
				7DAF45141CD46EA100178852 /* forestOfHope.mp3 */,
				7DBFEF641CD47F8C00841727 /* pikminPluck.wav */,
				7DBFEF661CD47F9C00841727 /* pikminSquel.wav */,
				7DBFEF621CD47F7600841727 /* pikminGhost.wav */,
				7DBFEF5E1CD47CFE00841727 /* call.wav */,
				7DBFEF5F1CD47CFE00841727 /* throw.wav */,
				7D063FD91CD5AE2B0063539B /* pikminLand.wav */,
			);
			name = Sounds;
			sourceTree = "<group>";
		};
		7D51C6D11CD569EF002FB2F8 /* Sounds */ = {
			isa = PBXGroup;
			children = (
				7D9F109E1CDDB67100A98FD0 /* menuTheme.m4a */,
				7D063FDC1CD5B49F0063539B /* pikminLand.mp3 */,
				7D51C6A71CD56995002FB2F8 /* call.mp3 */,
				7D51C6A91CD56995002FB2F8 /* forestOfHope.mp3 */,
				7DD42B7F1CD616E800A5B704 /* forestNaval.mp3 */,
				7D51C6B41CD56995002FB2F8 /* pikminGhost.mp3 */,
				7D51C6B61CD56995002FB2F8 /* pikminSqueel.mp3 */,
				7D51C6B91CD56995002FB2F8 /* throw.mp3 */,
				7DD42B751CD5FCA300A5B704 /* pikminPluck.mp3 */,
			);
			name = Sounds;
			sourceTree = "<group>";
		};
/* End PBXGroup section */

/* Begin PBXNativeTarget section */
		7D40F9671CF30A9700BA588A /* Pikmin Maker tvOS */ = {
			isa = PBXNativeTarget;
			buildConfigurationList = 7D40F97C1CF30A9700BA588A /* Build configuration list for PBXNativeTarget "Pikmin Maker tvOS" */;
			buildPhases = (
				7D40F9641CF30A9700BA588A /* Sources */,
				7D40F9651CF30A9700BA588A /* Frameworks */,
				7D40F9661CF30A9700BA588A /* Resources */,
			);
			buildRules = (
			);
			dependencies = (
			);
			name = "Pikmin Maker tvOS";
			productName = "Pikmin Maker tvOS";
			productReference = 7D40F9681CF30A9700BA588A /* Pikmin Maker tvOS.app */;
			productType = "com.apple.product-type.application";
		};
		7D488C3B1CC67EAF00A412D9 /* Pikmin Maker */ = {
			isa = PBXNativeTarget;
			buildConfigurationList = 7D488C4D1CC67EAF00A412D9 /* Build configuration list for PBXNativeTarget "Pikmin Maker" */;
			buildPhases = (
				7D488C381CC67EAF00A412D9 /* Sources */,
				7D488C391CC67EAF00A412D9 /* Frameworks */,
				7D488C3A1CC67EAF00A412D9 /* Resources */,
			);
			buildRules = (
			);
			dependencies = (
			);
			name = "Pikmin Maker";
			productName = "Pikmin Maker";
			productReference = 7D488C3C1CC67EAF00A412D9 /* Pikmin Maker.app */;
			productType = "com.apple.product-type.application";
		};
		7D51C68D1CD568D6002FB2F8 /* Pikmin Maker iOS */ = {
			isa = PBXNativeTarget;
			buildConfigurationList = 7D51C6A31CD568D6002FB2F8 /* Build configuration list for PBXNativeTarget "Pikmin Maker iOS" */;
			buildPhases = (
				7D51C68A1CD568D6002FB2F8 /* Sources */,
				7D51C68B1CD568D6002FB2F8 /* Frameworks */,
				7D51C68C1CD568D6002FB2F8 /* Resources */,
			);
			buildRules = (
			);
			dependencies = (
			);
			name = "Pikmin Maker iOS";
			productName = "Pikmin Maker iOS";
			productReference = 7D51C68E1CD568D6002FB2F8 /* Pikmin Maker iOS.app */;
			productType = "com.apple.product-type.application";
		};
/* End PBXNativeTarget section */

/* Begin PBXProject section */
		7D488C341CC67EAF00A412D9 /* Project object */ = {
			isa = PBXProject;
			attributes = {
				LastSwiftUpdateCheck = 0730;
				LastUpgradeCheck = 0820;
				ORGANIZATIONNAME = "Bryan Mazariegos";
				TargetAttributes = {
					7D40F9671CF30A9700BA588A = {
						CreatedOnToolsVersion = 7.3;
						DevelopmentTeam = N4MWNVQDSJ;
					};
					7D488C3B1CC67EAF00A412D9 = {
						CreatedOnToolsVersion = 7.3;
						DevelopmentTeam = N4MWNVQDSJ;
						LastSwiftMigration = 0800;
					};
					7D51C68D1CD568D6002FB2F8 = {
						CreatedOnToolsVersion = 7.3;
						DevelopmentTeam = JMNHZD683B;
						LastSwiftMigration = 0820;
					};
				};
			};
			buildConfigurationList = 7D488C371CC67EAF00A412D9 /* Build configuration list for PBXProject "Pikmin" */;
			compatibilityVersion = "Xcode 3.2";
			developmentRegion = English;
			hasScannedForEncodings = 0;
			knownRegions = (
				en,
				Base,
			);
			mainGroup = 7D488C331CC67EAF00A412D9;
			productRefGroup = 7D488C3D1CC67EAF00A412D9 /* Products */;
			projectDirPath = "";
			projectRoot = "";
			targets = (
				7D488C3B1CC67EAF00A412D9 /* Pikmin Maker */,
				7D51C68D1CD568D6002FB2F8 /* Pikmin Maker iOS */,
				7D40F9671CF30A9700BA588A /* Pikmin Maker tvOS */,
			);
		};
/* End PBXProject section */

/* Begin PBXResourcesBuildPhase section */
		7D40F9661CF30A9700BA588A /* Resources */ = {
			isa = PBXResourcesBuildPhase;
			buildActionMask = 2147483647;
			files = (
				7D40F9761CF30A9700BA588A /* Main.storyboard in Resources */,
				7D40F9CC1CF30C5300BA588A /* call.mp3 in Resources */,
				7D40F9CE1CF30C5300BA588A /* forestNaval.mp3 in Resources */,
				7D40F9E61CF30C5300BA588A /* throw.mp3 in Resources */,
				7D40F9DE1CF30C5300BA588A /* pikminLand.mp3 in Resources */,
				7D40F9D01CF30C5300BA588A /* Game.xcassets in Resources */,
				7D40F9E01CF30C5300BA588A /* pikminSqueel.mp3 in Resources */,
				7D40F9D81CF30C5300BA588A /* MultiGameScene.sks in Resources */,
				7D40F96D1CF30A9700BA588A /* GameScene.sks in Resources */,
				7D40F9E41CF30C5300BA588A /* space_new.png in Resources */,
				7D40F9DF1CF30C5300BA588A /* pikminPluck.mp3 in Resources */,
				7D40F9E51CF30C5300BA588A /* space.png in Resources */,
				7D40F9CF1CF30C5300BA588A /* forestOfHope.mp3 in Resources */,
				7D40F9D31CF30C5300BA588A /* map1.png in Resources */,
				7D40F9781CF30A9700BA588A /* Assets.xcassets in Resources */,
				7D40F9D51CF30C5300BA588A /* menuTheme.m4a in Resources */,
				7D40F9DD1CF30C5300BA588A /* pikminGhost.mp3 in Resources */,
				7D40F9D21CF30C5300BA588A /* Map_AwakeningWood.png in Resources */,
			);
			runOnlyForDeploymentPostprocessing = 0;
		};
		7D488C3A1CC67EAF00A412D9 /* Resources */ = {
			isa = PBXResourcesBuildPhase;
			buildActionMask = 2147483647;
			files = (
				7DBFEF631CD47F7600841727 /* pikminGhost.wav in Resources */,
				7D9F109C1CDDB66900A98FD0 /* Map_AwakeningWood.png in Resources */,
				7DBFEF671CD47F9C00841727 /* pikminSquel.wav in Resources */,
				7DBFEF601CD47CFE00841727 /* call.wav in Resources */,
				7DAF450F1CD35F1900178852 /* MainMenu.xib in Resources */,
				7DD42B8B1CD632FD00A5B704 /* MultiGameScene.sks in Resources */,
				7D488C441CC67EAF00A412D9 /* GameScene.sks in Resources */,
				7DD42B901CD6D55A00A5B704 /* space.png in Resources */,
				7D063FDB1CD5AE510063539B /* pikminLand.wav in Resources */,
				7DAF45151CD46EA100178852 /* forestOfHope.mp3 in Resources */,
				7D488C571CC6E33900A412D9 /* map1.png in Resources */,
				7DBFEF611CD47CFE00841727 /* throw.wav in Resources */,
				7DBFEF651CD47F8C00841727 /* pikminPluck.wav in Resources */,
				7D9F109D1CDDB66900A98FD0 /* space_new.png in Resources */,
				7DC86A001CD143970086E146 /* Assets.xcassets in Resources */,
			);
			runOnlyForDeploymentPostprocessing = 0;
		};
		7D51C68C1CD568D6002FB2F8 /* Resources */ = {
			isa = PBXResourcesBuildPhase;
			buildActionMask = 2147483647;
			files = (
				7D51C6931CD568D6002FB2F8 /* GameScene.sks in Resources */,
				7D51C69F1CD568D6002FB2F8 /* LaunchScreen.storyboard in Resources */,
				7DD42B801CD616E800A5B704 /* forestNaval.mp3 in Resources */,
				7D51C6BF1CD56995002FB2F8 /* forestOfHope.mp3 in Resources */,
				7D51C69A1CD568D6002FB2F8 /* Main.storyboard in Resources */,
				7DD42B7A1CD6081400A5B704 /* MultiGameScene.sks in Resources */,
				7DD42B761CD5FCA300A5B704 /* pikminPluck.mp3 in Resources */,
				7DD42B8E1CD6D55100A5B704 /* space.png in Resources */,
				7D063FDD1CD5B49F0063539B /* pikminLand.mp3 in Resources */,
				7D51C6BD1CD56995002FB2F8 /* call.mp3 in Resources */,
				7D51C6CA1CD56995002FB2F8 /* pikminGhost.mp3 in Resources */,
				7D51C6CC1CD56995002FB2F8 /* pikminSqueel.mp3 in Resources */,
				7D51C6C51CD56995002FB2F8 /* map1.png in Resources */,
				7D51C6BB1CD56995002FB2F8 /* Assets.xcassets in Resources */,
				7D51C6CF1CD56995002FB2F8 /* throw.mp3 in Resources */,
			);
			runOnlyForDeploymentPostprocessing = 0;
		};
/* End PBXResourcesBuildPhase section */

/* Begin PBXSourcesBuildPhase section */
		7D40F9641CF30A9700BA588A /* Sources */ = {
			isa = PBXSourcesBuildPhase;
			buildActionMask = 2147483647;
			files = (
				7D40F9DB1CF30C5300BA588A /* Onion.swift in Sources */,
				7D40F96F1CF30A9700BA588A /* GameScene.swift in Sources */,
				7D40F9D71CF30C5300BA588A /* MPCHandler.swift in Sources */,
				7D40F9D41CF30C5300BA588A /* MenuOverlay.swift in Sources */,
				7D40F9E31CF30C5300BA588A /* Ship.swift in Sources */,
				7D40F9E21CF30C5300BA588A /* Seed.swift in Sources */,
				7D40F9711CF30A9700BA588A /* GameViewController.swift in Sources */,
				7D40F9E11CF30C5300BA588A /* Player.swift in Sources */,
				7D40F9D11CF30C5300BA588A /* Ghost.swift in Sources */,
				7D40F9D91CF30C5300BA588A /* MultiGameScene.swift in Sources */,
				7D40F9DA1CF30C5300BA588A /* Nutrient.swift in Sources */,
				7D40F9CD1CF30C5300BA588A /* Flower.swift in Sources */,
				7D40F96B1CF30A9700BA588A /* AppDelegate.swift in Sources */,
				7D40F9D61CF30C5300BA588A /* Monster.swift in Sources */,
				7D40F9DC1CF30C5300BA588A /* Pikmin.swift in Sources */,
			);
			runOnlyForDeploymentPostprocessing = 0;
		};
		7D488C381CC67EAF00A412D9 /* Sources */ = {
			isa = PBXSourcesBuildPhase;
			buildActionMask = 2147483647;
			files = (
				7DA7353F1CD11C7000B5CE3F /* Monster.swift in Sources */,
				7DD42B881CD6329400A5B704 /* Ship.swift in Sources */,
				7DD42B871CD6329400A5B704 /* MPCHandler.swift in Sources */,
				7DD29B131CCD7CDC0084D707 /* Flower.swift in Sources */,
				7D488C421CC67EAF00A412D9 /* GameScene.swift in Sources */,
				7D6F9C971E8F48F6008C5E93 /* Machine.swift in Sources */,
				7D488C551CC6B4FC00A412D9 /* Onion.swift in Sources */,
				7DCC0A3B1CCEDD250009197E /* Ghost.swift in Sources */,
				7D488C511CC6850600A412D9 /* Player.swift in Sources */,
				7D488C591CC6E6DF00A412D9 /* Seed.swift in Sources */,
				7D488C401CC67EAF00A412D9 /* AppDelegate.swift in Sources */,
				7DD42B8C1CD632FD00A5B704 /* MultiGameScene.swift in Sources */,
				7D488C5B1CC6ED0400A412D9 /* Pikmin.swift in Sources */,
				7DC598941CD0766A004ED675 /* Nutrient.swift in Sources */,
			);
			runOnlyForDeploymentPostprocessing = 0;
		};
		7D51C68A1CD568D6002FB2F8 /* Sources */ = {
			isa = PBXSourcesBuildPhase;
			buildActionMask = 2147483647;
			files = (
				7D6F9C981E8F5D63008C5E93 /* Machine.swift in Sources */,
				7D51C6C81CD56995002FB2F8 /* Onion.swift in Sources */,
				7D83117C1CDAF3220061D5E4 /* MenuOverlay.swift in Sources */,
				7D51C6C61CD56995002FB2F8 /* Monster.swift in Sources */,
				7DD42B781CD607E300A5B704 /* MultiGameScene.swift in Sources */,
				7D51C6CE1CD56995002FB2F8 /* Seed.swift in Sources */,
				7D51C6CD1CD56995002FB2F8 /* Player.swift in Sources */,
				7DD42B7E1CD60E3000A5B704 /* Ship.swift in Sources */,
				7D51C6C31CD56995002FB2F8 /* Ghost.swift in Sources */,
				7D51C6951CD568D6002FB2F8 /* GameScene.swift in Sources */,
				7D51C6C71CD56995002FB2F8 /* Nutrient.swift in Sources */,
				7DD42B7C1CD6087E00A5B704 /* MPCHandler.swift in Sources */,
				7D51C6BE1CD56995002FB2F8 /* Flower.swift in Sources */,
				7D51C6971CD568D6002FB2F8 /* GameViewController.swift in Sources */,
				7D51C6911CD568D6002FB2F8 /* AppDelegate.swift in Sources */,
				7D51C6C91CD56995002FB2F8 /* Pikmin.swift in Sources */,
			);
			runOnlyForDeploymentPostprocessing = 0;
		};
/* End PBXSourcesBuildPhase section */

/* Begin PBXVariantGroup section */
		7D40F9741CF30A9700BA588A /* Main.storyboard */ = {
			isa = PBXVariantGroup;
			children = (
				7D40F9751CF30A9700BA588A /* Base */,
			);
			name = Main.storyboard;
			sourceTree = "<group>";
		};
		7D51C6981CD568D6002FB2F8 /* Main.storyboard */ = {
			isa = PBXVariantGroup;
			children = (
				7D51C6991CD568D6002FB2F8 /* Base */,
			);
			name = Main.storyboard;
			sourceTree = "<group>";
		};
		7D51C69D1CD568D6002FB2F8 /* LaunchScreen.storyboard */ = {
			isa = PBXVariantGroup;
			children = (
				7D51C69E1CD568D6002FB2F8 /* Base */,
			);
			name = LaunchScreen.storyboard;
			sourceTree = "<group>";
		};
		7DAF450C1CD35E3A00178852 /* MainMenu.xib */ = {
			isa = PBXVariantGroup;
			children = (
				7DAF450D1CD35E3A00178852 /* Base */,
			);
			name = MainMenu.xib;
			sourceTree = "<group>";
		};
/* End PBXVariantGroup section */

/* Begin XCBuildConfiguration section */
		7D40F97A1CF30A9700BA588A /* Debug */ = {
			isa = XCBuildConfiguration;
			buildSettings = {
				ASSETCATALOG_COMPILER_APPICON_NAME = "App Icon & Top Shelf Image";
				ASSETCATALOG_COMPILER_LAUNCHIMAGE_NAME = LaunchImage;
				CODE_SIGN_IDENTITY = "iPhone Developer";
				INFOPLIST_FILE = "Pikmin Maker tvOS/Info.plist";
				LD_RUNPATH_SEARCH_PATHS = "$(inherited) @executable_path/Frameworks";
				PRODUCT_BUNDLE_IDENTIFIER = "com.Mazariegos.Pikmin-Maker-tvOS";
				PRODUCT_NAME = "$(TARGET_NAME)";
				SDKROOT = appletvos;
				TARGETED_DEVICE_FAMILY = 3;
				TVOS_DEPLOYMENT_TARGET = 9.2;
			};
			name = Debug;
		};
		7D40F97B1CF30A9700BA588A /* Release */ = {
			isa = XCBuildConfiguration;
			buildSettings = {
				ASSETCATALOG_COMPILER_APPICON_NAME = "App Icon & Top Shelf Image";
				ASSETCATALOG_COMPILER_LAUNCHIMAGE_NAME = LaunchImage;
				CODE_SIGN_IDENTITY = "iPhone Developer";
				INFOPLIST_FILE = "Pikmin Maker tvOS/Info.plist";
				LD_RUNPATH_SEARCH_PATHS = "$(inherited) @executable_path/Frameworks";
				PRODUCT_BUNDLE_IDENTIFIER = "com.Mazariegos.Pikmin-Maker-tvOS";
				PRODUCT_NAME = "$(TARGET_NAME)";
				SDKROOT = appletvos;
				SWIFT_OPTIMIZATION_LEVEL = "-Owholemodule";
				TARGETED_DEVICE_FAMILY = 3;
				TVOS_DEPLOYMENT_TARGET = 9.2;
				VALIDATE_PRODUCT = YES;
			};
			name = Release;
		};
		7D488C4B1CC67EAF00A412D9 /* Debug */ = {
			isa = XCBuildConfiguration;
			buildSettings = {
				ALWAYS_SEARCH_USER_PATHS = NO;
				CLANG_ANALYZER_NONNULL = YES;
				CLANG_CXX_LANGUAGE_STANDARD = "gnu++0x";
				CLANG_CXX_LIBRARY = "libc++";
				CLANG_ENABLE_MODULES = YES;
				CLANG_ENABLE_OBJC_ARC = YES;
				CLANG_WARN_BOOL_CONVERSION = YES;
				CLANG_WARN_CONSTANT_CONVERSION = YES;
				CLANG_WARN_DIRECT_OBJC_ISA_USAGE = YES_ERROR;
				CLANG_WARN_EMPTY_BODY = YES;
				CLANG_WARN_ENUM_CONVERSION = YES;
				CLANG_WARN_INFINITE_RECURSION = YES;
				CLANG_WARN_INT_CONVERSION = YES;
				CLANG_WARN_OBJC_ROOT_CLASS = YES_ERROR;
				CLANG_WARN_SUSPICIOUS_MOVE = YES;
				CLANG_WARN_UNREACHABLE_CODE = YES;
				CLANG_WARN__DUPLICATE_METHOD_MATCH = YES;
				CODE_SIGN_IDENTITY = "-";
				COPY_PHASE_STRIP = NO;
				DEBUG_INFORMATION_FORMAT = "dwarf-with-dsym";
				ENABLE_STRICT_OBJC_MSGSEND = YES;
				ENABLE_TESTABILITY = YES;
				GCC_C_LANGUAGE_STANDARD = gnu99;
				GCC_DYNAMIC_NO_PIC = NO;
				GCC_NO_COMMON_BLOCKS = YES;
				GCC_OPTIMIZATION_LEVEL = 0;
				GCC_PREPROCESSOR_DEFINITIONS = (
					"DEBUG=1",
					"$(inherited)",
				);
				GCC_WARN_64_TO_32_BIT_CONVERSION = YES;
				GCC_WARN_ABOUT_RETURN_TYPE = YES_ERROR;
				GCC_WARN_UNDECLARED_SELECTOR = YES;
				GCC_WARN_UNINITIALIZED_AUTOS = YES_AGGRESSIVE;
				GCC_WARN_UNUSED_FUNCTION = YES;
				GCC_WARN_UNUSED_VARIABLE = YES;
				IPHONEOS_DEPLOYMENT_TARGET = 9.0;
				MACOSX_DEPLOYMENT_TARGET = 10.11;
				MTL_ENABLE_DEBUG_INFO = YES;
				ONLY_ACTIVE_ARCH = YES;
				SDKROOT = macosx;
				SWIFT_OPTIMIZATION_LEVEL = "-Onone";
			};
			name = Debug;
		};
		7D488C4C1CC67EAF00A412D9 /* Release */ = {
			isa = XCBuildConfiguration;
			buildSettings = {
				ALWAYS_SEARCH_USER_PATHS = NO;
				CLANG_ANALYZER_NONNULL = YES;
				CLANG_CXX_LANGUAGE_STANDARD = "gnu++0x";
				CLANG_CXX_LIBRARY = "libc++";
				CLANG_ENABLE_MODULES = YES;
				CLANG_ENABLE_OBJC_ARC = YES;
				CLANG_WARN_BOOL_CONVERSION = YES;
				CLANG_WARN_CONSTANT_CONVERSION = YES;
				CLANG_WARN_DIRECT_OBJC_ISA_USAGE = YES_ERROR;
				CLANG_WARN_EMPTY_BODY = YES;
				CLANG_WARN_ENUM_CONVERSION = YES;
				CLANG_WARN_INFINITE_RECURSION = YES;
				CLANG_WARN_INT_CONVERSION = YES;
				CLANG_WARN_OBJC_ROOT_CLASS = YES_ERROR;
				CLANG_WARN_SUSPICIOUS_MOVE = YES;
				CLANG_WARN_UNREACHABLE_CODE = YES;
				CLANG_WARN__DUPLICATE_METHOD_MATCH = YES;
				CODE_SIGN_IDENTITY = "-";
				COPY_PHASE_STRIP = NO;
				DEBUG_INFORMATION_FORMAT = "dwarf-with-dsym";
				ENABLE_NS_ASSERTIONS = NO;
				ENABLE_STRICT_OBJC_MSGSEND = YES;
				GCC_C_LANGUAGE_STANDARD = gnu99;
				GCC_NO_COMMON_BLOCKS = YES;
				GCC_WARN_64_TO_32_BIT_CONVERSION = YES;
				GCC_WARN_ABOUT_RETURN_TYPE = YES_ERROR;
				GCC_WARN_UNDECLARED_SELECTOR = YES;
				GCC_WARN_UNINITIALIZED_AUTOS = YES_AGGRESSIVE;
				GCC_WARN_UNUSED_FUNCTION = YES;
				GCC_WARN_UNUSED_VARIABLE = YES;
				IPHONEOS_DEPLOYMENT_TARGET = 9.0;
				MACOSX_DEPLOYMENT_TARGET = 10.11;
				MTL_ENABLE_DEBUG_INFO = NO;
				SDKROOT = macosx;
			};
			name = Release;
		};
		7D488C4E1CC67EAF00A412D9 /* Debug */ = {
			isa = XCBuildConfiguration;
			buildSettings = {
				ASSETCATALOG_COMPILER_APPICON_NAME = AppIcon;
				COMBINE_HIDPI_IMAGES = YES;
				INFOPLIST_FILE = "$(SRCROOT)/Info.plist";
				LD_RUNPATH_SEARCH_PATHS = "$(inherited) @executable_path/../Frameworks";
				MACOSX_DEPLOYMENT_TARGET = 10.11;
				PRODUCT_BUNDLE_IDENTIFIER = "com.Mazariegos.Pikmin-Maker";
				PRODUCT_NAME = "$(TARGET_NAME)";
				SWIFT_VERSION = 3.0;
			};
			name = Debug;
		};
		7D488C4F1CC67EAF00A412D9 /* Release */ = {
			isa = XCBuildConfiguration;
			buildSettings = {
				ASSETCATALOG_COMPILER_APPICON_NAME = AppIcon;
				COMBINE_HIDPI_IMAGES = YES;
				INFOPLIST_FILE = "$(SRCROOT)/Info.plist";
				LD_RUNPATH_SEARCH_PATHS = "$(inherited) @executable_path/../Frameworks";
				MACOSX_DEPLOYMENT_TARGET = 10.11;
				PRODUCT_BUNDLE_IDENTIFIER = "com.Mazariegos.Pikmin-Maker";
				PRODUCT_NAME = "$(TARGET_NAME)";
				SWIFT_OPTIMIZATION_LEVEL = "-Owholemodule";
				SWIFT_VERSION = 3.0;
			};
			name = Release;
		};
		7D51C6A11CD568D6002FB2F8 /* Debug */ = {
			isa = XCBuildConfiguration;
			buildSettings = {
				ASSETCATALOG_COMPILER_APPICON_NAME = AppIcon;
				CODE_SIGN_IDENTITY = "iPhone Developer";
				"CODE_SIGN_IDENTITY[sdk=iphoneos*]" = "iPhone Developer";
				DEVELOPMENT_TEAM = JMNHZD683B;
				INFOPLIST_FILE = "Pikmin Maker iOS/Info.plist";
				IPHONEOS_DEPLOYMENT_TARGET = 9.0;
				LD_RUNPATH_SEARCH_PATHS = "$(inherited) @executable_path/Frameworks";
				PRODUCT_BUNDLE_IDENTIFIER = "com.Mazariegos.PikminMaker-iOS";
				PRODUCT_NAME = "$(TARGET_NAME)";
				SDKROOT = iphoneos;
				SWIFT_VERSION = 3.0;
				TARGETED_DEVICE_FAMILY = "1,2";
			};
			name = Debug;
		};
		7D51C6A21CD568D6002FB2F8 /* Release */ = {
			isa = XCBuildConfiguration;
			buildSettings = {
				ASSETCATALOG_COMPILER_APPICON_NAME = AppIcon;
				CODE_SIGN_IDENTITY = "iPhone Developer";
				"CODE_SIGN_IDENTITY[sdk=iphoneos*]" = "iPhone Developer";
				DEVELOPMENT_TEAM = JMNHZD683B;
				INFOPLIST_FILE = "Pikmin Maker iOS/Info.plist";
				IPHONEOS_DEPLOYMENT_TARGET = 9.0;
				LD_RUNPATH_SEARCH_PATHS = "$(inherited) @executable_path/Frameworks";
				PRODUCT_BUNDLE_IDENTIFIER = "com.Mazariegos.PikminMaker-iOS";
				PRODUCT_NAME = "$(TARGET_NAME)";
				SDKROOT = iphoneos;
				SWIFT_OPTIMIZATION_LEVEL = "-Owholemodule";
				SWIFT_VERSION = 3.0;
				TARGETED_DEVICE_FAMILY = "1,2";
				VALIDATE_PRODUCT = YES;
			};
			name = Release;
		};
/* End XCBuildConfiguration section */

/* Begin XCConfigurationList section */
		7D40F97C1CF30A9700BA588A /* Build configuration list for PBXNativeTarget "Pikmin Maker tvOS" */ = {
			isa = XCConfigurationList;
			buildConfigurations = (
				7D40F97A1CF30A9700BA588A /* Debug */,
				7D40F97B1CF30A9700BA588A /* Release */,
			);
			defaultConfigurationIsVisible = 0;
			defaultConfigurationName = Release;
		};
		7D488C371CC67EAF00A412D9 /* Build configuration list for PBXProject "Pikmin" */ = {
			isa = XCConfigurationList;
			buildConfigurations = (
				7D488C4B1CC67EAF00A412D9 /* Debug */,
				7D488C4C1CC67EAF00A412D9 /* Release */,
			);
			defaultConfigurationIsVisible = 0;
			defaultConfigurationName = Release;
		};
		7D488C4D1CC67EAF00A412D9 /* Build configuration list for PBXNativeTarget "Pikmin Maker" */ = {
			isa = XCConfigurationList;
			buildConfigurations = (
				7D488C4E1CC67EAF00A412D9 /* Debug */,
				7D488C4F1CC67EAF00A412D9 /* Release */,
			);
			defaultConfigurationIsVisible = 0;
			defaultConfigurationName = Release;
		};
		7D51C6A31CD568D6002FB2F8 /* Build configuration list for PBXNativeTarget "Pikmin Maker iOS" */ = {
			isa = XCConfigurationList;
			buildConfigurations = (
				7D51C6A11CD568D6002FB2F8 /* Debug */,
				7D51C6A21CD568D6002FB2F8 /* Release */,
			);
			defaultConfigurationIsVisible = 0;
			defaultConfigurationName = Release;
		};
/* End XCConfigurationList section */
	};
	rootObject = 7D488C341CC67EAF00A412D9 /* Project object */;
}
